
Microsoft Visual Studio Solution File, Format Version 12.00
# Visual Studio Version 17
VisualStudioVersion = 17.0.32112.339
MinimumVisualStudioVersion = 10.0.40219.1
Project("{9A19103F-16F7-4668-BE54-9A1E7A4F7556}") = "JiraDance", "JiraDance\JiraDance.csproj", "{9A9007F8-E903-4F08-93E6-08433AD81281}"
EndProject
Project("{FAE04EC0-301F-11D3-BF4B-00C04F79EFBC}") = "JiraExportXls", "JiraExportXls\JiraExportXls.csproj", "{F7753C39-B0ED-4785-B410-51E76750AB7B}"
EndProject
Global
	GlobalSection(SolutionConfigurationPlatforms) = preSolution
		Debug|Any CPU = Debug|Any CPU
		Release|Any CPU = Release|Any CPU
	EndGlobalSection
	GlobalSection(ProjectConfigurationPlatforms) = postSolution
		{9A9007F8-E903-4F08-93E6-08433AD81281}.Debug|Any CPU.ActiveCfg = Debug|Any CPU
		{9A9007F8-E903-4F08-93E6-08433AD81281}.Debug|Any CPU.Build.0 = Debug|Any CPU
		{9A9007F8-E903-4F08-93E6-08433AD81281}.Release|Any CPU.ActiveCfg = Release|Any CPU
		{9A9007F8-E903-4F08-93E6-08433AD81281}.Release|Any CPU.Build.0 = Release|Any CPU
		{F7753C39-B0ED-4785-B410-51E76750AB7B}.Debug|Any CPU.ActiveCfg = Debug|Any CPU
		{F7753C39-B0ED-4785-B410-51E76750AB7B}.Debug|Any CPU.Build.0 = Debug|Any CPU
		{F7753C39-B0ED-4785-B410-51E76750AB7B}.Release|Any CPU.ActiveCfg = Release|Any CPU
		{F7753C39-B0ED-4785-B410-51E76750AB7B}.Release|Any CPU.Build.0 = Release|Any CPU
	EndGlobalSection
	GlobalSection(SolutionProperties) = preSolution
		HideSolutionNode = FALSE
	EndGlobalSection
	GlobalSection(ExtensibilityGlobals) = postSolution
		SolutionGuid = {90D1B16F-1767-4A82-A5F2-14CE0E20755E}
	EndGlobalSection
EndGlobal
